<?xml version="1.0" encoding="utf-8"?>
<Project ToolsVersion="4.0" xmlns="http://schemas.microsoft.com/developer/msbuild/2003">
  <ItemGroup>
    <Filter Include="Source Files">
      <UniqueIdentifier>{4FC737F1-C7A5-4376-A066-2A32D752A2FF}</UniqueIdentifier>
      <Extensions>cpp;c;cc;cxx;def;odl;idl;hpj;bat;asm;asmx</Extensions>
    </Filter>
    <Filter Include="Header Files">
      <UniqueIdentifier>{93995380-89BD-4b04-88EB-625FBE52EBFB}</UniqueIdentifier>
      <Extensions>h;hh;hpp;hxx;hm;inl;inc;xsd</Extensions>
    </Filter>
    <Filter Include="Resource Files">
      <UniqueIdentifier>{67DA6AB6-F800-4c08-8B7A-83BB121AAD01}</UniqueIdentifier>
      <Extensions>rc;ico;cur;bmp;dlg;rc2;rct;bin;rgs;gif;jpg;jpeg;jpe;resx;tiff;tif;png;wav;mfcribbon-ms</Extensions>
    </Filter>
    <Filter Include="Source Files\helpers">
      <UniqueIdentifier>{ac0ef2ff-65ce-41a6-9593-ba64f450085e}</UniqueIdentifier>
    </Filter>
    <Filter Include="Header Files\helpers">
      <UniqueIdentifier>{d9e15f4b-ca32-43c9-86d6-bc69abdd5cd8}</UniqueIdentifier>
    </Filter>
    <Filter Include="Header Files\managers">
      <UniqueIdentifier>{972e4bcf-054a-4729-80f2-bf04ed2e387e}</UniqueIdentifier>
    </Filter>
    <Filter Include="Source Files\managers">
      <UniqueIdentifier>{2c2b8434-22ec-474a-81ed-464bba36ab46}</UniqueIdentifier>
    </Filter>
    <Filter Include="Header Files\models">
      <UniqueIdentifier>{aaf14da1-16de-4d9b-a054-2f389cae0f50}</UniqueIdentifier>
    </Filter>
    <Filter Include="Source Files\models">
      <UniqueIdentifier>{3a16a04b-f493-4f2a-a1dd-ca764c115be0}</UniqueIdentifier>
    </Filter>
  </ItemGroup>
  <ItemGroup>
    <ClCompile Include="file_helper.cpp">
      <Filter>Source Files\helpers</Filter>
    </ClCompile>
    <ClCompile Include="camera_manager.cpp">
      <Filter>Source Files\managers</Filter>
    </ClCompile>
    <ClCompile Include="ui_manager.cpp">
      <Filter>Source Files\managers</Filter>
    </ClCompile>
    <ClCompile Include="draw_manager.cpp">
      <Filter>Source Files\managers</Filter>
    </ClCompile>
    <ClCompile Include="player_model.cpp">
      <Filter>Source Files\models</Filter>
    </ClCompile>
    <ClCompile Include="lane_model.cpp">
      <Filter>Source Files\models</Filter>
    </ClCompile>
    <ClCompile Include="scenario_object_model.cpp">
      <Filter>Source Files\models</Filter>
    </ClCompile>
    <ClCompile Include="window_helper.cpp">
      <Filter>Source Files\helpers</Filter>
    </ClCompile>
    <ClCompile Include="math_helper.cpp">
      <Filter>Source Files\extras</Filter>
    <ClCompile Include="game.cpp">
      <Filter>Source Files</Filter>
    </ClCompile>
    <ClCompile Include="game_manager.cpp">
      <Filter>Source Files\managers</Filter>
    </ClCompile>
  </ItemGroup>
  <ItemGroup>
    <ClInclude Include="headers.h">
      <Filter>Header Files</Filter>
    </ClInclude>
    <ClInclude Include="models.h">
      <Filter>Header Files</Filter>
    </ClInclude>
    <ClInclude Include="constants.h">
      <Filter>Header Files</Filter>
    </ClInclude>
    <ClInclude Include="file_helper.h">
      <Filter>Header Files\helpers</Filter>
    </ClInclude>
    <ClInclude Include="math_helper.h">
      <Filter>Header Files\helpers</Filter>
    </ClInclude>
    <ClInclude Include="camera_manager.h">
      <Filter>Header Files\managers</Filter>
    </ClInclude>
    <ClInclude Include="ui_manager.h">
      <Filter>Header Files\managers</Filter>
    </ClInclude>
    <ClInclude Include="draw_manager.h">
      <Filter>Header Files\managers</Filter>
    </ClInclude>
    <ClInclude Include="player_model.h">
      <Filter>Header Files\models</Filter>
    </ClInclude>
    <ClInclude Include="lane_model.h">
      <Filter>Header Files\models</Filter>
    </ClInclude>
    <ClInclude Include="scenario_object_model.h">
      <Filter>Header Files\models</Filter>
    </ClInclude>
    <ClInclude Include="window_helper.h">
      <Filter>Header Files\helpers</Filter>
    </ClInclude>
    <ClInclude Include="game_manager.h">
      <Filter>Header Files\managers</Filter>
    </ClInclude>
  </ItemGroup>
</Project>