<?xml version="1.0" encoding="utf-8"?>
<Project ToolsVersion="4.0" xmlns="http://schemas.microsoft.com/developer/msbuild/2003">
  <ItemGroup>
    <Filter Include="Source Files">
      <UniqueIdentifier>{4FC737F1-C7A5-4376-A066-2A32D752A2FF}</UniqueIdentifier>
      <Extensions>cpp;c;cc;cxx;def;odl;idl;hpj;bat;asm;asmx</Extensions>
    </Filter>
    <Filter Include="Header Files">
      <UniqueIdentifier>{93995380-89BD-4b04-88EB-625FBE52EBFB}</UniqueIdentifier>
      <Extensions>h;hh;hpp;hxx;hm;inl;inc;xsd</Extensions>
    </Filter>
    <Filter Include="Resource Files">
      <UniqueIdentifier>{67DA6AB6-F800-4c08-8B7A-83BB121AAD01}</UniqueIdentifier>
      <Extensions>rc;ico;cur;bmp;dlg;rc2;rct;bin;rgs;gif;jpg;jpeg;jpe;resx;tiff;tif;png;wav;mfcribbon-ms</Extensions>
    </Filter>
    <Filter Include="Source Files\helpers">
      <UniqueIdentifier>{ac0ef2ff-65ce-41a6-9593-ba64f450085e}</UniqueIdentifier>
    </Filter>
    <Filter Include="Header Files\helpers">
      <UniqueIdentifier>{d9e15f4b-ca32-43c9-86d6-bc69abdd5cd8}</UniqueIdentifier>
    </Filter>
    <Filter Include="Header Files\managers">
      <UniqueIdentifier>{972e4bcf-054a-4729-80f2-bf04ed2e387e}</UniqueIdentifier>
    </Filter>
    <Filter Include="Source Files\managers">
      <UniqueIdentifier>{2c2b8434-22ec-474a-81ed-464bba36ab46}</UniqueIdentifier>
    </Filter>
    <Filter Include="Header Files\models">
      <UniqueIdentifier>{aaf14da1-16de-4d9b-a054-2f389cae0f50}</UniqueIdentifier>
    </Filter>
    <Filter Include="Source Files\models">
      <UniqueIdentifier>{3a16a04b-f493-4f2a-a1dd-ca764c115be0}</UniqueIdentifier>
    </Filter>
    <Filter Include="Header Files\constants">
      <UniqueIdentifier>{729473eb-895d-439b-ab35-50eb270c0f66}</UniqueIdentifier>
    </Filter>
    <Filter Include="Source Files\libraries">
      <UniqueIdentifier>{ecf5abb7-832d-471f-9aba-4cd792bc0e9c}</UniqueIdentifier>
    </Filter>
    <Filter Include="Header Files\libraries">
      <UniqueIdentifier>{513fd5c9-b890-46d8-aee2-8e654d373329}</UniqueIdentifier>
    </Filter>
    <Filter Include="Source Files\models\objects">
      <UniqueIdentifier>{8a6a26e9-b82a-4a09-b2de-0555c1aef0e4}</UniqueIdentifier>
    </Filter>
    <Filter Include="Header Files\models\objects">
      <UniqueIdentifier>{7d5922a3-64b7-4cd7-89aa-454af569c40d}</UniqueIdentifier>
    </Filter>
    <Filter Include="Header Files\models\structures">
      <UniqueIdentifier>{97b790ef-5b8a-4a7f-8be7-0f78e88498e3}</UniqueIdentifier>
    </Filter>
    <Filter Include="Source Files\models\structures">
      <UniqueIdentifier>{4da18bd5-f5a0-4229-89c5-1c1c6dba9ef2}</UniqueIdentifier>
    </Filter>
  </ItemGroup>
  <ItemGroup>
    <ClCompile Include="file_helper.cpp">
      <Filter>Source Files\helpers</Filter>
    </ClCompile>
    <ClCompile Include="math_helper.cpp">
      <Filter>Source Files\helpers</Filter>
    </ClCompile>
    <ClCompile Include="renderer.cpp">
      <Filter>Source Files</Filter>
    </ClCompile>
    <ClCompile Include="scene_manager.cpp">
      <Filter>Source Files\managers</Filter>
    </ClCompile>
    <ClCompile Include="story_manager.cpp">
      <Filter>Source Files\managers</Filter>
    </ClCompile>
    <ClCompile Include="render_manager.cpp">
      <Filter>Source Files\managers</Filter>
    </ClCompile>
    <ClCompile Include="object.cpp">
      <Filter>Source Files\models</Filter>
    </ClCompile>
    <ClCompile Include="camera.cpp">
      <Filter>Source Files\models</Filter>
    </ClCompile>
    <ClCompile Include="light.cpp">
      <Filter>Source Files\models</Filter>
    </ClCompile>
    <ClCompile Include="tinyxml2.cpp">
      <Filter>Source Files\libraries</Filter>
    </ClCompile>
    <ClCompile Include="ray.cpp">
      <Filter>Source Files\models</Filter>
    </ClCompile>
    <ClCompile Include="sphere.cpp">
      <Filter>Source Files\models\objects</Filter>
    </ClCompile>
    <ClCompile Include="rectangle.cpp">
      <Filter>Source Files\models\objects</Filter>
    </ClCompile>
    <ClCompile Include="cylinder.cpp">
      <Filter>Source Files\models\objects</Filter>
    </ClCompile>
    <ClCompile Include="mesh.cpp">
      <Filter>Source Files\models\objects</Filter>
    </ClCompile>
    <ClCompile Include="image.cpp">
      <Filter>Source Files\models\structures</Filter>
    </ClCompile>
    <ClCompile Include="vector.cpp">
      <Filter>Source Files\models\structures</Filter>
    </ClCompile>
  </ItemGroup>
  <ItemGroup>
    <ClInclude Include="scene_manager.h">
      <Filter>Header Files\managers</Filter>
    </ClInclude>
    <ClInclude Include="file_helper.h">
      <Filter>Header Files\helpers</Filter>
    </ClInclude>
    <ClInclude Include="math_helper.h">
      <Filter>Header Files\helpers</Filter>
    </ClInclude>
    <ClInclude Include="headers.h">
      <Filter>Header Files</Filter>
    </ClInclude>
    <ClInclude Include="routes.h">
      <Filter>Header Files\constants</Filter>
    </ClInclude>
    <ClInclude Include="colors.h">
      <Filter>Header Files\constants</Filter>
    </ClInclude>
    <ClInclude Include="parameters.h">
      <Filter>Header Files\constants</Filter>
    </ClInclude>
    <ClInclude Include="story_manager.h">
      <Filter>Header Files\managers</Filter>
    </ClInclude>
    <ClInclude Include="render_manager.h">
      <Filter>Header Files\managers</Filter>
    </ClInclude>
    <ClInclude Include="object.h">
      <Filter>Header Files\models</Filter>
    </ClInclude>
    <ClInclude Include="camera.h">
      <Filter>Header Files\models</Filter>
    </ClInclude>
    <ClInclude Include="light.h">
      <Filter>Header Files\models</Filter>
    </ClInclude>
    <ClInclude Include="tinyxml2.h">
      <Filter>Header Files\libraries</Filter>
    </ClInclude>
    <ClInclude Include="ray.h">
      <Filter>Header Files\models</Filter>
    </ClInclude>
    <ClInclude Include="rectangle.h">
      <Filter>Header Files\models\objects</Filter>
    </ClInclude>
    <ClInclude Include="sphere.h">
      <Filter>Header Files\models\objects</Filter>
    </ClInclude>
    <ClInclude Include="cylinder.h">
      <Filter>Header Files\models\objects</Filter>
    </ClInclude>
    <ClInclude Include="mesh.h">
      <Filter>Header Files\models\objects</Filter>
    </ClInclude>
    <ClInclude Include="refraction_coefficients.h">
      <Filter>Header Files\constants</Filter>
    </ClInclude>
    <ClInclude Include="vector.h">
      <Filter>Header Files\models\structures</Filter>
    </ClInclude>
    <ClInclude Include="image.h">
      <Filter>Header Files\models\structures</Filter>
    </ClInclude>
  </ItemGroup>
  <ItemGroup>
    <Xml Include="config_3spheres.xml">
      <Filter>Resource Files</Filter>
    </Xml>
    <Xml Include="config.xml">
      <Filter>Resource Files</Filter>
    </Xml>
  </ItemGroup>
</Project>